
Microsoft Visual Studio Solution File, Format Version 12.00
# Visual Studio Version 18
VisualStudioVersion = 18.10.12224.181 stable
MinimumVisualStudioVersion = 10.0.40219.1
Project("{FAE04EC0-301F-11D3-BF4B-00C04F79EFBC}") = "SmartWarehouse.Core", "SmartWarehouse.Core\SmartWarehouse.Core.csproj", "{22718087-E160-4745-B058-50F6E777E9B9}"
EndProject
Project("{FAE04EC0-301F-11D3-BF4B-00C04F79EFBC}") = "SmartWarehouse.Tests", "SmartWarehouse.Tests\SmartWarehouse.Tests.csproj", "{34A53F49-F1D9-462B-BE0E-173F9DEA7CAE}"
EndProject
Global
	GlobalSection(SolutionConfigurationPlatforms) = preSolution
		Debug|Any CPU = Debug|Any CPU
		Release|Any CPU = Release|Any CPU
	EndGlobalSection
	GlobalSection(ProjectConfigurationPlatforms) = postSolution
		{22718087-E160-4745-B058-50F6E777E9B9}.Debug|Any CPU.ActiveCfg = Debug|Any CPU
		{22718087-E160-4745-B058-50F6E777E9B9}.Debug|Any CPU.Build.0 = Debug|Any CPU
		{22718087-E160-4745-B058-50F6E777E9B9}.Release|Any CPU.ActiveCfg = Release|Any CPU
		{22718087-E160-4745-B058-50F6E777E9B9}.Release|Any CPU.Build.0 = Release|Any CPU
		{34A53F49-F1D9-462B-BE0E-173F9DEA7CAE}.Debug|Any CPU.ActiveCfg = Debug|Any CPU
		{34A53F49-F1D9-462B-BE0E-173F9DEA7CAE}.Debug|Any CPU.Build.0 = Debug|Any CPU
		{34A53F49-F1D9-462B-BE0E-173F9DEA7CAE}.Release|Any CPU.ActiveCfg = Release|Any CPU
		{34A53F49-F1D9-462B-BE0E-173F9DEA7CAE}.Release|Any CPU.Build.0 = Release|Any CPU
	EndGlobalSection
	GlobalSection(SolutionProperties) = preSolution
		HideSolutionNode = FALSE
	EndGlobalSection
	GlobalSection(ExtensibilityGlobals) = postSolution
		SolutionGuid = {F92FB152-CE13-4F84-8D5C-D29C8A46DEDA}
	EndGlobalSection
EndGlobal
